
Microsoft Visual Studio Solution File, Format Version 12.00
Project("{FAE04EC0-301F-11D3-BF4B-00C04F79EFBC}") = "BlazingNotes", "BlazingNotes\BlazingNotes.csproj", "{B98BDB82-91AA-4E4E-B762-A294C8368A45}"
EndProject
Project("{FAE04EC0-301F-11D3-BF4B-00C04F79EFBC}") = "BlazingNotes.Logic", "BlazingNotes.Logic\BlazingNotes.Logic.csproj", "{120DBCB6-E33E-420F-B6F8-95C73113204F}"
EndProject
Project("{FAE04EC0-301F-11D3-BF4B-00C04F79EFBC}") = "BlazingNotes.Logic.Tests", "BlazingNotes.Logic.Tests\BlazingNotes.Logic.Tests.csproj", "{66444830-23D9-440E-A5E9-09A8CCDBABAD}"
EndProject
Global
	GlobalSection(SolutionConfigurationPlatforms) = preSolution
		Debug|Any CPU = Debug|Any CPU
		Release|Any CPU = Release|Any CPU
	EndGlobalSection
	GlobalSection(ProjectConfigurationPlatforms) = postSolution
		{B98BDB82-91AA-4E4E-B762-A294C8368A45}.Debug|Any CPU.ActiveCfg = Debug|Any CPU
		{B98BDB82-91AA-4E4E-B762-A294C8368A45}.Debug|Any CPU.Build.0 = Debug|Any CPU
		{B98BDB82-91AA-4E4E-B762-A294C8368A45}.Release|Any CPU.ActiveCfg = Release|Any CPU
		{B98BDB82-91AA-4E4E-B762-A294C8368A45}.Release|Any CPU.Build.0 = Release|Any CPU
		{120DBCB6-E33E-420F-B6F8-95C73113204F}.Debug|Any CPU.ActiveCfg = Debug|Any CPU
		{120DBCB6-E33E-420F-B6F8-95C73113204F}.Debug|Any CPU.Build.0 = Debug|Any CPU
		{120DBCB6-E33E-420F-B6F8-95C73113204F}.Release|Any CPU.ActiveCfg = Release|Any CPU
		{120DBCB6-E33E-420F-B6F8-95C73113204F}.Release|Any CPU.Build.0 = Release|Any CPU
		{66444830-23D9-440E-A5E9-09A8CCDBABAD}.Debug|Any CPU.ActiveCfg = Debug|Any CPU
		{66444830-23D9-440E-A5E9-09A8CCDBABAD}.Debug|Any CPU.Build.0 = Debug|Any CPU
		{66444830-23D9-440E-A5E9-09A8CCDBABAD}.Release|Any CPU.ActiveCfg = Release|Any CPU
		{66444830-23D9-440E-A5E9-09A8CCDBABAD}.Release|Any CPU.Build.0 = Release|Any CPU
	EndGlobalSection
EndGlobal
